Microsoft Visual Studio Solution File, Format Version 11.00
# Visual Studio 2008

Project("{602931A4-4D2B-2CBF-C795-9570CDCDB31D}") = "The Woods", "Assembly-CSharp-firstpass.csproj", "{432EBA94-62CB-8975-676A-3F7FCC27BC2C}"
EndProject
Project("{602931A4-4D2B-2CBF-C795-9570CDCDB31D}") = "The Woods", "Assembly-CSharp.csproj", "{3EFCDA75-17E8-84CB-59A3-98AB951878DD}"
EndProject
Project("{602931A4-4D2B-2CBF-C795-9570CDCDB31D}") = "The Woods", "Assembly-CSharp-Editor.csproj", "{8367EA40-CAFA-EC0D-DD3D-333D33B913FB}"
EndProject
Global
	GlobalSection(SolutionConfigurationPlatforms) = preSolution
		Debug|Any CPU = Debug|Any CPU
		Release|Any CPU = Release|Any CPU
	EndGlobalSection
	GlobalSection(ProjectConfigurationPlatforms) = postSolution
		{432EBA94-62CB-8975-676A-3F7FCC27BC2C}.Debug|Any CPU.ActiveCfg = Debug|Any CPU
		{432EBA94-62CB-8975-676A-3F7FCC27BC2C}.Debug|Any CPU.Build.0 = Debug|Any CPU
		{432EBA94-62CB-8975-676A-3F7FCC27BC2C}.Release|Any CPU.ActiveCfg = Release|Any CPU
		{432EBA94-62CB-8975-676A-3F7FCC27BC2C}.Release|Any CPU.Build.0 = Release|Any CPU
		{3EFCDA75-17E8-84CB-59A3-98AB951878DD}.Debug|Any CPU.ActiveCfg = Debug|Any CPU
		{3EFCDA75-17E8-84CB-59A3-98AB951878DD}.Debug|Any CPU.Build.0 = Debug|Any CPU
		{3EFCDA75-17E8-84CB-59A3-98AB951878DD}.Release|Any CPU.ActiveCfg = Release|Any CPU
		{3EFCDA75-17E8-84CB-59A3-98AB951878DD}.Release|Any CPU.Build.0 = Release|Any CPU
		{8367EA40-CAFA-EC0D-DD3D-333D33B913FB}.Debug|Any CPU.ActiveCfg = Debug|Any CPU
		{8367EA40-CAFA-EC0D-DD3D-333D33B913FB}.Debug|Any CPU.Build.0 = Debug|Any CPU
		{8367EA40-CAFA-EC0D-DD3D-333D33B913FB}.Release|Any CPU.ActiveCfg = Release|Any CPU
		{8367EA40-CAFA-EC0D-DD3D-333D33B913FB}.Release|Any CPU.Build.0 = Release|Any CPU
	EndGlobalSection
	GlobalSection(SolutionProperties) = preSolution
		HideSolutionNode = FALSE
	EndGlobalSection
	GlobalSection(MonoDevelopProperties) = preSolution
		StartupItem = Assembly-CSharp.csproj
	EndGlobalSection
EndGlobal
